
Microsoft Visual Studio Solution File, Format Version 12.00
# Visual Studio Version 16
VisualStudioVersion = 16.0.33328.57
MinimumVisualStudioVersion = 10.0.40219.1
Project("{FAE04EC0-301F-11D3-BF4B-00C04F79EFBC}") = "Smart Analytics TestCase", "Smart Analytics TestCase.csproj", "{87E357EB-4FEF-4C07-8ED0-9C2E28E4DD79}"
EndProject
Global
	GlobalSection(SolutionConfigurationPlatforms) = preSolution
		Debug|Any CPU = Debug|Any CPU
		Release|Any CPU = Release|Any CPU
	EndGlobalSection
	GlobalSection(ProjectConfigurationPlatforms) = postSolution
		{87E357EB-4FEF-4C07-8ED0-9C2E28E4DD79}.Debug|Any CPU.ActiveCfg = Debug|Any CPU
		{87E357EB-4FEF-4C07-8ED0-9C2E28E4DD79}.Debug|Any CPU.Build.0 = Debug|Any CPU
		{87E357EB-4FEF-4C07-8ED0-9C2E28E4DD79}.Release|Any CPU.ActiveCfg = Release|Any CPU
		{87E357EB-4FEF-4C07-8ED0-9C2E28E4DD79}.Release|Any CPU.Build.0 = Release|Any CPU
	EndGlobalSection
	GlobalSection(SolutionProperties) = preSolution
		HideSolutionNode = FALSE
	EndGlobalSection
	GlobalSection(ExtensibilityGlobals) = postSolution
		SolutionGuid = {7308989B-15EF-4D3F-AF2F-40EB2BB0FF35}
	EndGlobalSection
EndGlobal
